
Microsoft Visual Studio Solution File, Format Version 12.00
# Visual Studio 15
VisualStudioVersion = 15.0.26124.0
MinimumVisualStudioVersion = 15.0.26124.0
Project("{FAE04EC0-301F-11D3-BF4B-00C04F79EFBC}") = "Atma.Common", "source\Atma.Common.csproj", "{05E5C287-F44F-422A-9DEE-7C6E255FA81D}"
EndProject
Project("{FAE04EC0-301F-11D3-BF4B-00C04F79EFBC}") = "Atma.Common.Tests", "tests\Atma.Common.Tests.csproj", "{87F90D26-100E-4AD5-A7A6-29A4C34DFBD7}"
EndProject
Global
	GlobalSection(SolutionConfigurationPlatforms) = preSolution
		Debug|Any CPU = Debug|Any CPU
		Debug|x64 = Debug|x64
		Debug|x86 = Debug|x86
		Release|Any CPU = Release|Any CPU
		Release|x64 = Release|x64
		Release|x86 = Release|x86
	EndGlobalSection
	GlobalSection(SolutionProperties) = preSolution
		HideSolutionNode = FALSE
	EndGlobalSection
	GlobalSection(ProjectConfigurationPlatforms) = postSolution
		{05E5C287-F44F-422A-9DEE-7C6E255FA81D}.Debug|Any CPU.ActiveCfg = Debug|Any CPU
		{05E5C287-F44F-422A-9DEE-7C6E255FA81D}.Debug|Any CPU.Build.0 = Debug|Any CPU
		{05E5C287-F44F-422A-9DEE-7C6E255FA81D}.Debug|x64.ActiveCfg = Debug|Any CPU
		{05E5C287-F44F-422A-9DEE-7C6E255FA81D}.Debug|x64.Build.0 = Debug|Any CPU
		{05E5C287-F44F-422A-9DEE-7C6E255FA81D}.Debug|x86.ActiveCfg = Debug|Any CPU
		{05E5C287-F44F-422A-9DEE-7C6E255FA81D}.Debug|x86.Build.0 = Debug|Any CPU
		{05E5C287-F44F-422A-9DEE-7C6E255FA81D}.Release|Any CPU.ActiveCfg = Release|Any CPU
		{05E5C287-F44F-422A-9DEE-7C6E255FA81D}.Release|Any CPU.Build.0 = Release|Any CPU
		{05E5C287-F44F-422A-9DEE-7C6E255FA81D}.Release|x64.ActiveCfg = Release|Any CPU
		{05E5C287-F44F-422A-9DEE-7C6E255FA81D}.Release|x64.Build.0 = Release|Any CPU
		{05E5C287-F44F-422A-9DEE-7C6E255FA81D}.Release|x86.ActiveCfg = Release|Any CPU
		{05E5C287-F44F-422A-9DEE-7C6E255FA81D}.Release|x86.Build.0 = Release|Any CPU
		{87F90D26-100E-4AD5-A7A6-29A4C34DFBD7}.Debug|Any CPU.ActiveCfg = Debug|Any CPU
		{87F90D26-100E-4AD5-A7A6-29A4C34DFBD7}.Debug|Any CPU.Build.0 = Debug|Any CPU
		{87F90D26-100E-4AD5-A7A6-29A4C34DFBD7}.Debug|x64.ActiveCfg = Debug|Any CPU
		{87F90D26-100E-4AD5-A7A6-29A4C34DFBD7}.Debug|x64.Build.0 = Debug|Any CPU
		{87F90D26-100E-4AD5-A7A6-29A4C34DFBD7}.Debug|x86.ActiveCfg = Debug|Any CPU
		{87F90D26-100E-4AD5-A7A6-29A4C34DFBD7}.Debug|x86.Build.0 = Debug|Any CPU
		{87F90D26-100E-4AD5-A7A6-29A4C34DFBD7}.Release|Any CPU.ActiveCfg = Release|Any CPU
		{87F90D26-100E-4AD5-A7A6-29A4C34DFBD7}.Release|Any CPU.Build.0 = Release|Any CPU
		{87F90D26-100E-4AD5-A7A6-29A4C34DFBD7}.Release|x64.ActiveCfg = Release|Any CPU
		{87F90D26-100E-4AD5-A7A6-29A4C34DFBD7}.Release|x64.Build.0 = Release|Any CPU
		{87F90D26-100E-4AD5-A7A6-29A4C34DFBD7}.Release|x86.ActiveCfg = Release|Any CPU
		{87F90D26-100E-4AD5-A7A6-29A4C34DFBD7}.Release|x86.Build.0 = Release|Any CPU
	EndGlobalSection
EndGlobal
