
Microsoft Visual Studio Solution File, Format Version 12.00
# Visual Studio 15
VisualStudioVersion = 15.0.26124.0
MinimumVisualStudioVersion = 15.0.26124.0
Project("{2150E333-8FDC-42A3-9474-1A3956D46DE8}") = "Atma.Common", "Atma.Common", "{362259E4-0996-47FC-953B-91A6509533FA}"
EndProject
Project("{FAE04EC0-301F-11D3-BF4B-00C04F79EFBC}") = "Atma.Common", "Atma.Common\source\Atma.Common.csproj", "{465D5919-BE4B-4D76-ADD5-9CDCF5B63C7D}"
EndProject
Project("{FAE04EC0-301F-11D3-BF4B-00C04F79EFBC}") = "Atma.Common.Tests", "Atma.Common\tests\Atma.Common.Tests.csproj", "{A1E53C29-9E93-48D4-ADEB-7CF68354D583}"
EndProject
Project("{2150E333-8FDC-42A3-9474-1A3956D46DE8}") = "Atma.Memory", "Atma.Memory", "{341EA576-D3F2-4332-9FBA-34AE40890FF7}"
EndProject
Project("{FAE04EC0-301F-11D3-BF4B-00C04F79EFBC}") = "Atma.Memory", "Atma.Memory\source\Atma.Memory.csproj", "{B0534902-DC84-4E79-8025-FD30DA848EC1}"
EndProject
Project("{FAE04EC0-301F-11D3-BF4B-00C04F79EFBC}") = "Atma.Memory.Tests", "Atma.Memory\tests\Atma.Memory.Tests.csproj", "{AAE2B7FF-645E-4F7D-9275-8045BB2974B0}"
EndProject
Project("{2150E333-8FDC-42A3-9474-1A3956D46DE8}") = "Atma.Entities", "Atma.Entities", "{72603C47-2B2E-4E21-ACC4-9D6A58C78791}"
EndProject
Project("{FAE04EC0-301F-11D3-BF4B-00C04F79EFBC}") = "Atma.Entities", "Atma.Entities\source\Atma.Entities.csproj", "{223D53AB-79C1-4D41-B842-FA19B48200F1}"
EndProject
Project("{FAE04EC0-301F-11D3-BF4B-00C04F79EFBC}") = "Atma.Entities.Tests", "Atma.Entities\tests\Atma.Entities.Tests.csproj", "{7255F33F-89E8-44E4-9C03-EC7D15D90A2D}"
EndProject
Project("{FAE04EC0-301F-11D3-BF4B-00C04F79EFBC}") = "Atma.Sandbox", "Atma.Sandbox\Atma.Sandbox.csproj", "{1B228123-5D89-4EF3-A2E3-C30D927A7D40}"
EndProject
Project("{2150E333-8FDC-42A3-9474-1A3956D46DE8}") = "Atma.Systems", "Atma.Systems", "{6241CCEF-9B29-43B0-9386-858CC963C904}"
EndProject
Project("{FAE04EC0-301F-11D3-BF4B-00C04F79EFBC}") = "Atma.Systems", "Atma.Systems\source\Atma.Systems.csproj", "{FE3229F7-BDCC-412B-84F4-794221442B75}"
EndProject
Project("{FAE04EC0-301F-11D3-BF4B-00C04F79EFBC}") = "Atma.Systems.Tests", "Atma.Systems\tests\Atma.Systems.Tests.csproj", "{71C619D9-CDD1-43F0-B2F3-567BA478922A}"
EndProject
Project("{2150E333-8FDC-42A3-9474-1A3956D46DE8}") = "Atma.Events", "Atma.Events", "{F3FC5934-E3AB-433A-BD57-3C8C7FC7DACA}"
EndProject
Project("{FAE04EC0-301F-11D3-BF4B-00C04F79EFBC}") = "Atma.Events", "Atma.Events\source\Atma.Events.csproj", "{8B01439B-701B-40A3-9ADA-44A8E214CFEB}"
EndProject
Project("{FAE04EC0-301F-11D3-BF4B-00C04F79EFBC}") = "Atma.Events.Tests", "Atma.Events\tests\Atma.Events.Tests.csproj", "{9EF861A8-923D-4CDF-B287-F339F5CD0DCB}"
EndProject
Global
	GlobalSection(SolutionConfigurationPlatforms) = preSolution
		Debug|Any CPU = Debug|Any CPU
		Debug|x64 = Debug|x64
		Debug|x86 = Debug|x86
		Release|Any CPU = Release|Any CPU
		Release|x64 = Release|x64
		Release|x86 = Release|x86
	EndGlobalSection
	GlobalSection(SolutionProperties) = preSolution
		HideSolutionNode = FALSE
	EndGlobalSection
	GlobalSection(ProjectConfigurationPlatforms) = postSolution
		{465D5919-BE4B-4D76-ADD5-9CDCF5B63C7D}.Debug|Any CPU.ActiveCfg = Debug|Any CPU
		{465D5919-BE4B-4D76-ADD5-9CDCF5B63C7D}.Debug|Any CPU.Build.0 = Debug|Any CPU
		{465D5919-BE4B-4D76-ADD5-9CDCF5B63C7D}.Debug|x64.ActiveCfg = Debug|Any CPU
		{465D5919-BE4B-4D76-ADD5-9CDCF5B63C7D}.Debug|x64.Build.0 = Debug|Any CPU
		{465D5919-BE4B-4D76-ADD5-9CDCF5B63C7D}.Debug|x86.ActiveCfg = Debug|Any CPU
		{465D5919-BE4B-4D76-ADD5-9CDCF5B63C7D}.Debug|x86.Build.0 = Debug|Any CPU
		{465D5919-BE4B-4D76-ADD5-9CDCF5B63C7D}.Release|Any CPU.ActiveCfg = Release|Any CPU
		{465D5919-BE4B-4D76-ADD5-9CDCF5B63C7D}.Release|Any CPU.Build.0 = Release|Any CPU
		{465D5919-BE4B-4D76-ADD5-9CDCF5B63C7D}.Release|x64.ActiveCfg = Release|Any CPU
		{465D5919-BE4B-4D76-ADD5-9CDCF5B63C7D}.Release|x64.Build.0 = Release|Any CPU
		{465D5919-BE4B-4D76-ADD5-9CDCF5B63C7D}.Release|x86.ActiveCfg = Release|Any CPU
		{465D5919-BE4B-4D76-ADD5-9CDCF5B63C7D}.Release|x86.Build.0 = Release|Any CPU
		{A1E53C29-9E93-48D4-ADEB-7CF68354D583}.Debug|Any CPU.ActiveCfg = Debug|Any CPU
		{A1E53C29-9E93-48D4-ADEB-7CF68354D583}.Debug|Any CPU.Build.0 = Debug|Any CPU
		{A1E53C29-9E93-48D4-ADEB-7CF68354D583}.Debug|x64.ActiveCfg = Debug|Any CPU
		{A1E53C29-9E93-48D4-ADEB-7CF68354D583}.Debug|x64.Build.0 = Debug|Any CPU
		{A1E53C29-9E93-48D4-ADEB-7CF68354D583}.Debug|x86.ActiveCfg = Debug|Any CPU
		{A1E53C29-9E93-48D4-ADEB-7CF68354D583}.Debug|x86.Build.0 = Debug|Any CPU
		{A1E53C29-9E93-48D4-ADEB-7CF68354D583}.Release|Any CPU.ActiveCfg = Release|Any CPU
		{A1E53C29-9E93-48D4-ADEB-7CF68354D583}.Release|Any CPU.Build.0 = Release|Any CPU
		{A1E53C29-9E93-48D4-ADEB-7CF68354D583}.Release|x64.ActiveCfg = Release|Any CPU
		{A1E53C29-9E93-48D4-ADEB-7CF68354D583}.Release|x64.Build.0 = Release|Any CPU
		{A1E53C29-9E93-48D4-ADEB-7CF68354D583}.Release|x86.ActiveCfg = Release|Any CPU
		{A1E53C29-9E93-48D4-ADEB-7CF68354D583}.Release|x86.Build.0 = Release|Any CPU
		{B0534902-DC84-4E79-8025-FD30DA848EC1}.Debug|Any CPU.ActiveCfg = Debug|Any CPU
		{B0534902-DC84-4E79-8025-FD30DA848EC1}.Debug|Any CPU.Build.0 = Debug|Any CPU
		{B0534902-DC84-4E79-8025-FD30DA848EC1}.Debug|x64.ActiveCfg = Debug|Any CPU
		{B0534902-DC84-4E79-8025-FD30DA848EC1}.Debug|x64.Build.0 = Debug|Any CPU
		{B0534902-DC84-4E79-8025-FD30DA848EC1}.Debug|x86.ActiveCfg = Debug|Any CPU
		{B0534902-DC84-4E79-8025-FD30DA848EC1}.Debug|x86.Build.0 = Debug|Any CPU
		{B0534902-DC84-4E79-8025-FD30DA848EC1}.Release|Any CPU.ActiveCfg = Release|Any CPU
		{B0534902-DC84-4E79-8025-FD30DA848EC1}.Release|Any CPU.Build.0 = Release|Any CPU
		{B0534902-DC84-4E79-8025-FD30DA848EC1}.Release|x64.ActiveCfg = Release|Any CPU
		{B0534902-DC84-4E79-8025-FD30DA848EC1}.Release|x64.Build.0 = Release|Any CPU
		{B0534902-DC84-4E79-8025-FD30DA848EC1}.Release|x86.ActiveCfg = Release|Any CPU
		{B0534902-DC84-4E79-8025-FD30DA848EC1}.Release|x86.Build.0 = Release|Any CPU
		{AAE2B7FF-645E-4F7D-9275-8045BB2974B0}.Debug|Any CPU.ActiveCfg = Debug|Any CPU
		{AAE2B7FF-645E-4F7D-9275-8045BB2974B0}.Debug|Any CPU.Build.0 = Debug|Any CPU
		{AAE2B7FF-645E-4F7D-9275-8045BB2974B0}.Debug|x64.ActiveCfg = Debug|Any CPU
		{AAE2B7FF-645E-4F7D-9275-8045BB2974B0}.Debug|x64.Build.0 = Debug|Any CPU
		{AAE2B7FF-645E-4F7D-9275-8045BB2974B0}.Debug|x86.ActiveCfg = Debug|Any CPU
		{AAE2B7FF-645E-4F7D-9275-8045BB2974B0}.Debug|x86.Build.0 = Debug|Any CPU
		{AAE2B7FF-645E-4F7D-9275-8045BB2974B0}.Release|Any CPU.ActiveCfg = Release|Any CPU
		{AAE2B7FF-645E-4F7D-9275-8045BB2974B0}.Release|Any CPU.Build.0 = Release|Any CPU
		{AAE2B7FF-645E-4F7D-9275-8045BB2974B0}.Release|x64.ActiveCfg = Release|Any CPU
		{AAE2B7FF-645E-4F7D-9275-8045BB2974B0}.Release|x64.Build.0 = Release|Any CPU
		{AAE2B7FF-645E-4F7D-9275-8045BB2974B0}.Release|x86.ActiveCfg = Release|Any CPU
		{AAE2B7FF-645E-4F7D-9275-8045BB2974B0}.Release|x86.Build.0 = Release|Any CPU
		{223D53AB-79C1-4D41-B842-FA19B48200F1}.Debug|Any CPU.ActiveCfg = Debug|Any CPU
		{223D53AB-79C1-4D41-B842-FA19B48200F1}.Debug|Any CPU.Build.0 = Debug|Any CPU
		{223D53AB-79C1-4D41-B842-FA19B48200F1}.Debug|x64.ActiveCfg = Debug|Any CPU
		{223D53AB-79C1-4D41-B842-FA19B48200F1}.Debug|x64.Build.0 = Debug|Any CPU
		{223D53AB-79C1-4D41-B842-FA19B48200F1}.Debug|x86.ActiveCfg = Debug|Any CPU
		{223D53AB-79C1-4D41-B842-FA19B48200F1}.Debug|x86.Build.0 = Debug|Any CPU
		{223D53AB-79C1-4D41-B842-FA19B48200F1}.Release|Any CPU.ActiveCfg = Release|Any CPU
		{223D53AB-79C1-4D41-B842-FA19B48200F1}.Release|Any CPU.Build.0 = Release|Any CPU
		{223D53AB-79C1-4D41-B842-FA19B48200F1}.Release|x64.ActiveCfg = Release|Any CPU
		{223D53AB-79C1-4D41-B842-FA19B48200F1}.Release|x64.Build.0 = Release|Any CPU
		{223D53AB-79C1-4D41-B842-FA19B48200F1}.Release|x86.ActiveCfg = Release|Any CPU
		{223D53AB-79C1-4D41-B842-FA19B48200F1}.Release|x86.Build.0 = Release|Any CPU
		{7255F33F-89E8-44E4-9C03-EC7D15D90A2D}.Debug|Any CPU.ActiveCfg = Debug|Any CPU
		{7255F33F-89E8-44E4-9C03-EC7D15D90A2D}.Debug|Any CPU.Build.0 = Debug|Any CPU
		{7255F33F-89E8-44E4-9C03-EC7D15D90A2D}.Debug|x64.ActiveCfg = Debug|Any CPU
		{7255F33F-89E8-44E4-9C03-EC7D15D90A2D}.Debug|x64.Build.0 = Debug|Any CPU
		{7255F33F-89E8-44E4-9C03-EC7D15D90A2D}.Debug|x86.ActiveCfg = Debug|Any CPU
		{7255F33F-89E8-44E4-9C03-EC7D15D90A2D}.Debug|x86.Build.0 = Debug|Any CPU
		{7255F33F-89E8-44E4-9C03-EC7D15D90A2D}.Release|Any CPU.ActiveCfg = Release|Any CPU
		{7255F33F-89E8-44E4-9C03-EC7D15D90A2D}.Release|Any CPU.Build.0 = Release|Any CPU
		{7255F33F-89E8-44E4-9C03-EC7D15D90A2D}.Release|x64.ActiveCfg = Release|Any CPU
		{7255F33F-89E8-44E4-9C03-EC7D15D90A2D}.Release|x64.Build.0 = Release|Any CPU
		{7255F33F-89E8-44E4-9C03-EC7D15D90A2D}.Release|x86.ActiveCfg = Release|Any CPU
		{7255F33F-89E8-44E4-9C03-EC7D15D90A2D}.Release|x86.Build.0 = Release|Any CPU
		{1B228123-5D89-4EF3-A2E3-C30D927A7D40}.Debug|Any CPU.ActiveCfg = Debug|Any CPU
		{1B228123-5D89-4EF3-A2E3-C30D927A7D40}.Debug|Any CPU.Build.0 = Debug|Any CPU
		{1B228123-5D89-4EF3-A2E3-C30D927A7D40}.Debug|x64.ActiveCfg = Debug|Any CPU
		{1B228123-5D89-4EF3-A2E3-C30D927A7D40}.Debug|x64.Build.0 = Debug|Any CPU
		{1B228123-5D89-4EF3-A2E3-C30D927A7D40}.Debug|x86.ActiveCfg = Debug|Any CPU
		{1B228123-5D89-4EF3-A2E3-C30D927A7D40}.Debug|x86.Build.0 = Debug|Any CPU
		{1B228123-5D89-4EF3-A2E3-C30D927A7D40}.Release|Any CPU.ActiveCfg = Release|Any CPU
		{1B228123-5D89-4EF3-A2E3-C30D927A7D40}.Release|Any CPU.Build.0 = Release|Any CPU
		{1B228123-5D89-4EF3-A2E3-C30D927A7D40}.Release|x64.ActiveCfg = Release|Any CPU
		{1B228123-5D89-4EF3-A2E3-C30D927A7D40}.Release|x64.Build.0 = Release|Any CPU
		{1B228123-5D89-4EF3-A2E3-C30D927A7D40}.Release|x86.ActiveCfg = Release|Any CPU
		{1B228123-5D89-4EF3-A2E3-C30D927A7D40}.Release|x86.Build.0 = Release|Any CPU
		{FE3229F7-BDCC-412B-84F4-794221442B75}.Debug|Any CPU.ActiveCfg = Debug|Any CPU
		{FE3229F7-BDCC-412B-84F4-794221442B75}.Debug|Any CPU.Build.0 = Debug|Any CPU
		{FE3229F7-BDCC-412B-84F4-794221442B75}.Debug|x64.ActiveCfg = Debug|Any CPU
		{FE3229F7-BDCC-412B-84F4-794221442B75}.Debug|x64.Build.0 = Debug|Any CPU
		{FE3229F7-BDCC-412B-84F4-794221442B75}.Debug|x86.ActiveCfg = Debug|Any CPU
		{FE3229F7-BDCC-412B-84F4-794221442B75}.Debug|x86.Build.0 = Debug|Any CPU
		{FE3229F7-BDCC-412B-84F4-794221442B75}.Release|Any CPU.ActiveCfg = Release|Any CPU
		{FE3229F7-BDCC-412B-84F4-794221442B75}.Release|Any CPU.Build.0 = Release|Any CPU
		{FE3229F7-BDCC-412B-84F4-794221442B75}.Release|x64.ActiveCfg = Release|Any CPU
		{FE3229F7-BDCC-412B-84F4-794221442B75}.Release|x64.Build.0 = Release|Any CPU
		{FE3229F7-BDCC-412B-84F4-794221442B75}.Release|x86.ActiveCfg = Release|Any CPU
		{FE3229F7-BDCC-412B-84F4-794221442B75}.Release|x86.Build.0 = Release|Any CPU
		{71C619D9-CDD1-43F0-B2F3-567BA478922A}.Debug|Any CPU.ActiveCfg = Debug|Any CPU
		{71C619D9-CDD1-43F0-B2F3-567BA478922A}.Debug|Any CPU.Build.0 = Debug|Any CPU
		{71C619D9-CDD1-43F0-B2F3-567BA478922A}.Debug|x64.ActiveCfg = Debug|Any CPU
		{71C619D9-CDD1-43F0-B2F3-567BA478922A}.Debug|x64.Build.0 = Debug|Any CPU
		{71C619D9-CDD1-43F0-B2F3-567BA478922A}.Debug|x86.ActiveCfg = Debug|Any CPU
		{71C619D9-CDD1-43F0-B2F3-567BA478922A}.Debug|x86.Build.0 = Debug|Any CPU
		{71C619D9-CDD1-43F0-B2F3-567BA478922A}.Release|Any CPU.ActiveCfg = Release|Any CPU
		{71C619D9-CDD1-43F0-B2F3-567BA478922A}.Release|Any CPU.Build.0 = Release|Any CPU
		{71C619D9-CDD1-43F0-B2F3-567BA478922A}.Release|x64.ActiveCfg = Release|Any CPU
		{71C619D9-CDD1-43F0-B2F3-567BA478922A}.Release|x64.Build.0 = Release|Any CPU
		{71C619D9-CDD1-43F0-B2F3-567BA478922A}.Release|x86.ActiveCfg = Release|Any CPU
		{71C619D9-CDD1-43F0-B2F3-567BA478922A}.Release|x86.Build.0 = Release|Any CPU
		{8B01439B-701B-40A3-9ADA-44A8E214CFEB}.Debug|Any CPU.ActiveCfg = Debug|Any CPU
		{8B01439B-701B-40A3-9ADA-44A8E214CFEB}.Debug|Any CPU.Build.0 = Debug|Any CPU
		{8B01439B-701B-40A3-9ADA-44A8E214CFEB}.Debug|x64.ActiveCfg = Debug|Any CPU
		{8B01439B-701B-40A3-9ADA-44A8E214CFEB}.Debug|x64.Build.0 = Debug|Any CPU
		{8B01439B-701B-40A3-9ADA-44A8E214CFEB}.Debug|x86.ActiveCfg = Debug|Any CPU
		{8B01439B-701B-40A3-9ADA-44A8E214CFEB}.Debug|x86.Build.0 = Debug|Any CPU
		{8B01439B-701B-40A3-9ADA-44A8E214CFEB}.Release|Any CPU.ActiveCfg = Release|Any CPU
		{8B01439B-701B-40A3-9ADA-44A8E214CFEB}.Release|Any CPU.Build.0 = Release|Any CPU
		{8B01439B-701B-40A3-9ADA-44A8E214CFEB}.Release|x64.ActiveCfg = Release|Any CPU
		{8B01439B-701B-40A3-9ADA-44A8E214CFEB}.Release|x64.Build.0 = Release|Any CPU
		{8B01439B-701B-40A3-9ADA-44A8E214CFEB}.Release|x86.ActiveCfg = Release|Any CPU
		{8B01439B-701B-40A3-9ADA-44A8E214CFEB}.Release|x86.Build.0 = Release|Any CPU
		{9EF861A8-923D-4CDF-B287-F339F5CD0DCB}.Debug|Any CPU.ActiveCfg = Debug|Any CPU
		{9EF861A8-923D-4CDF-B287-F339F5CD0DCB}.Debug|Any CPU.Build.0 = Debug|Any CPU
		{9EF861A8-923D-4CDF-B287-F339F5CD0DCB}.Debug|x64.ActiveCfg = Debug|Any CPU
		{9EF861A8-923D-4CDF-B287-F339F5CD0DCB}.Debug|x64.Build.0 = Debug|Any CPU
		{9EF861A8-923D-4CDF-B287-F339F5CD0DCB}.Debug|x86.ActiveCfg = Debug|Any CPU
		{9EF861A8-923D-4CDF-B287-F339F5CD0DCB}.Debug|x86.Build.0 = Debug|Any CPU
		{9EF861A8-923D-4CDF-B287-F339F5CD0DCB}.Release|Any CPU.ActiveCfg = Release|Any CPU
		{9EF861A8-923D-4CDF-B287-F339F5CD0DCB}.Release|Any CPU.Build.0 = Release|Any CPU
		{9EF861A8-923D-4CDF-B287-F339F5CD0DCB}.Release|x64.ActiveCfg = Release|Any CPU
		{9EF861A8-923D-4CDF-B287-F339F5CD0DCB}.Release|x64.Build.0 = Release|Any CPU
		{9EF861A8-923D-4CDF-B287-F339F5CD0DCB}.Release|x86.ActiveCfg = Release|Any CPU
		{9EF861A8-923D-4CDF-B287-F339F5CD0DCB}.Release|x86.Build.0 = Release|Any CPU
	EndGlobalSection
	GlobalSection(NestedProjects) = preSolution
		{465D5919-BE4B-4D76-ADD5-9CDCF5B63C7D} = {362259E4-0996-47FC-953B-91A6509533FA}
		{A1E53C29-9E93-48D4-ADEB-7CF68354D583} = {362259E4-0996-47FC-953B-91A6509533FA}
		{B0534902-DC84-4E79-8025-FD30DA848EC1} = {341EA576-D3F2-4332-9FBA-34AE40890FF7}
		{AAE2B7FF-645E-4F7D-9275-8045BB2974B0} = {341EA576-D3F2-4332-9FBA-34AE40890FF7}
		{223D53AB-79C1-4D41-B842-FA19B48200F1} = {72603C47-2B2E-4E21-ACC4-9D6A58C78791}
		{7255F33F-89E8-44E4-9C03-EC7D15D90A2D} = {72603C47-2B2E-4E21-ACC4-9D6A58C78791}
		{FE3229F7-BDCC-412B-84F4-794221442B75} = {6241CCEF-9B29-43B0-9386-858CC963C904}
		{71C619D9-CDD1-43F0-B2F3-567BA478922A} = {6241CCEF-9B29-43B0-9386-858CC963C904}
		{8B01439B-701B-40A3-9ADA-44A8E214CFEB} = {F3FC5934-E3AB-433A-BD57-3C8C7FC7DACA}
		{9EF861A8-923D-4CDF-B287-F339F5CD0DCB} = {F3FC5934-E3AB-433A-BD57-3C8C7FC7DACA}
	EndGlobalSection
EndGlobal
