
Microsoft Visual Studio Solution File, Format Version 12.00
# Visual Studio 15
VisualStudioVersion = 15.0.26124.0
MinimumVisualStudioVersion = 15.0.26124.0
Project("{2150E333-8FDC-42A3-9474-1A3956D46DE8}") = "Atma.Common", "Atma.Common", "{362259E4-0996-47FC-953B-91A6509533FA}"
EndProject
Project("{FAE04EC0-301F-11D3-BF4B-00C04F79EFBC}") = "Atma.Common", "Atma.Common\source\Atma.Common.csproj", "{465D5919-BE4B-4D76-ADD5-9CDCF5B63C7D}"
EndProject
Project("{FAE04EC0-301F-11D3-BF4B-00C04F79EFBC}") = "Atma.Common.Tests", "Atma.Common\tests\Atma.Common.Tests.csproj", "{A1E53C29-9E93-48D4-ADEB-7CF68354D583}"
EndProject
Project("{2150E333-8FDC-42A3-9474-1A3956D46DE8}") = "Atma.Memory", "Atma.Memory", "{341EA576-D3F2-4332-9FBA-34AE40890FF7}"
EndProject
Project("{FAE04EC0-301F-11D3-BF4B-00C04F79EFBC}") = "Atma.Memory", "Atma.Memory\source\Atma.Memory.csproj", "{B0534902-DC84-4E79-8025-FD30DA848EC1}"
EndProject
Project("{FAE04EC0-301F-11D3-BF4B-00C04F79EFBC}") = "Atma.Memory.Tests", "Atma.Memory\tests\Atma.Memory.Tests.csproj", "{AAE2B7FF-645E-4F7D-9275-8045BB2974B0}"
EndProject
Project("{2150E333-8FDC-42A3-9474-1A3956D46DE8}") = "Atma.DI", "Atma.DI", "{3FF025F0-927C-4E77-983E-13C86B1C1962}"
EndProject
Project("{FAE04EC0-301F-11D3-BF4B-00C04F79EFBC}") = "Atma.DI", "Atma.DI\source\Atma.DI.csproj", "{B5F66665-EE0D-49BE-83FC-98CA5F77E511}"
EndProject
Project("{FAE04EC0-301F-11D3-BF4B-00C04F79EFBC}") = "Atma.DI.Tests", "Atma.DI\tests\Atma.DI.Tests.csproj", "{6368BABC-E004-426E-AE51-62F4737FF54E}"
EndProject
Project("{2150E333-8FDC-42A3-9474-1A3956D46DE8}") = "Atma.Jobs", "Atma.Jobs", "{0F23FFED-F2C5-4433-9798-AAF77F76DF4C}"
EndProject
Project("{FAE04EC0-301F-11D3-BF4B-00C04F79EFBC}") = "Atma.Jobs.Tests", "Atma.Jobs\tests\Atma.Jobs.Tests.csproj", "{94630C79-20A9-48A8-83A2-0AE28ED92CED}"
EndProject
Project("{FAE04EC0-301F-11D3-BF4B-00C04F79EFBC}") = "Atma.Jobs", "Atma.Jobs\source\Atma.Jobs.csproj", "{84F953B5-D542-4A00-A40B-1D90B49E9C5C}"
EndProject
Project("{2150E333-8FDC-42A3-9474-1A3956D46DE8}") = "Atma.Entities", "Atma.Entities", "{72603C47-2B2E-4E21-ACC4-9D6A58C78791}"
EndProject
Project("{FAE04EC0-301F-11D3-BF4B-00C04F79EFBC}") = "Atma.Entities", "Atma.Entities\source\Atma.Entities.csproj", "{223D53AB-79C1-4D41-B842-FA19B48200F1}"
EndProject
Project("{FAE04EC0-301F-11D3-BF4B-00C04F79EFBC}") = "Atma.Entities.Tests", "Atma.Entities\tests\Atma.Entities.Tests.csproj", "{7255F33F-89E8-44E4-9C03-EC7D15D90A2D}"
EndProject
Project("{FAE04EC0-301F-11D3-BF4B-00C04F79EFBC}") = "Atma.Sandbox", "Atma.Sandbox\Atma.Sandbox.csproj", "{1B228123-5D89-4EF3-A2E3-C30D927A7D40}"
EndProject
Global
	GlobalSection(SolutionConfigurationPlatforms) = preSolution
		Debug|Any CPU = Debug|Any CPU
		Debug|x64 = Debug|x64
		Debug|x86 = Debug|x86
		Release|Any CPU = Release|Any CPU
		Release|x64 = Release|x64
		Release|x86 = Release|x86
	EndGlobalSection
	GlobalSection(SolutionProperties) = preSolution
		HideSolutionNode = FALSE
	EndGlobalSection
	GlobalSection(ProjectConfigurationPlatforms) = postSolution
		{465D5919-BE4B-4D76-ADD5-9CDCF5B63C7D}.Debug|Any CPU.ActiveCfg = Debug|Any CPU
		{465D5919-BE4B-4D76-ADD5-9CDCF5B63C7D}.Debug|Any CPU.Build.0 = Debug|Any CPU
		{465D5919-BE4B-4D76-ADD5-9CDCF5B63C7D}.Debug|x64.ActiveCfg = Debug|Any CPU
		{465D5919-BE4B-4D76-ADD5-9CDCF5B63C7D}.Debug|x64.Build.0 = Debug|Any CPU
		{465D5919-BE4B-4D76-ADD5-9CDCF5B63C7D}.Debug|x86.ActiveCfg = Debug|Any CPU
		{465D5919-BE4B-4D76-ADD5-9CDCF5B63C7D}.Debug|x86.Build.0 = Debug|Any CPU
		{465D5919-BE4B-4D76-ADD5-9CDCF5B63C7D}.Release|Any CPU.ActiveCfg = Release|Any CPU
		{465D5919-BE4B-4D76-ADD5-9CDCF5B63C7D}.Release|Any CPU.Build.0 = Release|Any CPU
		{465D5919-BE4B-4D76-ADD5-9CDCF5B63C7D}.Release|x64.ActiveCfg = Release|Any CPU
		{465D5919-BE4B-4D76-ADD5-9CDCF5B63C7D}.Release|x64.Build.0 = Release|Any CPU
		{465D5919-BE4B-4D76-ADD5-9CDCF5B63C7D}.Release|x86.ActiveCfg = Release|Any CPU
		{465D5919-BE4B-4D76-ADD5-9CDCF5B63C7D}.Release|x86.Build.0 = Release|Any CPU
		{A1E53C29-9E93-48D4-ADEB-7CF68354D583}.Debug|Any CPU.ActiveCfg = Debug|Any CPU
		{A1E53C29-9E93-48D4-ADEB-7CF68354D583}.Debug|Any CPU.Build.0 = Debug|Any CPU
		{A1E53C29-9E93-48D4-ADEB-7CF68354D583}.Debug|x64.ActiveCfg = Debug|Any CPU
		{A1E53C29-9E93-48D4-ADEB-7CF68354D583}.Debug|x64.Build.0 = Debug|Any CPU
		{A1E53C29-9E93-48D4-ADEB-7CF68354D583}.Debug|x86.ActiveCfg = Debug|Any CPU
		{A1E53C29-9E93-48D4-ADEB-7CF68354D583}.Debug|x86.Build.0 = Debug|Any CPU
		{A1E53C29-9E93-48D4-ADEB-7CF68354D583}.Release|Any CPU.ActiveCfg = Release|Any CPU
		{A1E53C29-9E93-48D4-ADEB-7CF68354D583}.Release|Any CPU.Build.0 = Release|Any CPU
		{A1E53C29-9E93-48D4-ADEB-7CF68354D583}.Release|x64.ActiveCfg = Release|Any CPU
		{A1E53C29-9E93-48D4-ADEB-7CF68354D583}.Release|x64.Build.0 = Release|Any CPU
		{A1E53C29-9E93-48D4-ADEB-7CF68354D583}.Release|x86.ActiveCfg = Release|Any CPU
		{A1E53C29-9E93-48D4-ADEB-7CF68354D583}.Release|x86.Build.0 = Release|Any CPU
		{B0534902-DC84-4E79-8025-FD30DA848EC1}.Debug|Any CPU.ActiveCfg = Debug|Any CPU
		{B0534902-DC84-4E79-8025-FD30DA848EC1}.Debug|Any CPU.Build.0 = Debug|Any CPU
		{B0534902-DC84-4E79-8025-FD30DA848EC1}.Debug|x64.ActiveCfg = Debug|Any CPU
		{B0534902-DC84-4E79-8025-FD30DA848EC1}.Debug|x64.Build.0 = Debug|Any CPU
		{B0534902-DC84-4E79-8025-FD30DA848EC1}.Debug|x86.ActiveCfg = Debug|Any CPU
		{B0534902-DC84-4E79-8025-FD30DA848EC1}.Debug|x86.Build.0 = Debug|Any CPU
		{B0534902-DC84-4E79-8025-FD30DA848EC1}.Release|Any CPU.ActiveCfg = Release|Any CPU
		{B0534902-DC84-4E79-8025-FD30DA848EC1}.Release|Any CPU.Build.0 = Release|Any CPU
		{B0534902-DC84-4E79-8025-FD30DA848EC1}.Release|x64.ActiveCfg = Release|Any CPU
		{B0534902-DC84-4E79-8025-FD30DA848EC1}.Release|x64.Build.0 = Release|Any CPU
		{B0534902-DC84-4E79-8025-FD30DA848EC1}.Release|x86.ActiveCfg = Release|Any CPU
		{B0534902-DC84-4E79-8025-FD30DA848EC1}.Release|x86.Build.0 = Release|Any CPU
		{AAE2B7FF-645E-4F7D-9275-8045BB2974B0}.Debug|Any CPU.ActiveCfg = Debug|Any CPU
		{AAE2B7FF-645E-4F7D-9275-8045BB2974B0}.Debug|Any CPU.Build.0 = Debug|Any CPU
		{AAE2B7FF-645E-4F7D-9275-8045BB2974B0}.Debug|x64.ActiveCfg = Debug|Any CPU
		{AAE2B7FF-645E-4F7D-9275-8045BB2974B0}.Debug|x64.Build.0 = Debug|Any CPU
		{AAE2B7FF-645E-4F7D-9275-8045BB2974B0}.Debug|x86.ActiveCfg = Debug|Any CPU
		{AAE2B7FF-645E-4F7D-9275-8045BB2974B0}.Debug|x86.Build.0 = Debug|Any CPU
		{AAE2B7FF-645E-4F7D-9275-8045BB2974B0}.Release|Any CPU.ActiveCfg = Release|Any CPU
		{AAE2B7FF-645E-4F7D-9275-8045BB2974B0}.Release|Any CPU.Build.0 = Release|Any CPU
		{AAE2B7FF-645E-4F7D-9275-8045BB2974B0}.Release|x64.ActiveCfg = Release|Any CPU
		{AAE2B7FF-645E-4F7D-9275-8045BB2974B0}.Release|x64.Build.0 = Release|Any CPU
		{AAE2B7FF-645E-4F7D-9275-8045BB2974B0}.Release|x86.ActiveCfg = Release|Any CPU
		{AAE2B7FF-645E-4F7D-9275-8045BB2974B0}.Release|x86.Build.0 = Release|Any CPU
		{B5F66665-EE0D-49BE-83FC-98CA5F77E511}.Debug|Any CPU.ActiveCfg = Debug|Any CPU
		{B5F66665-EE0D-49BE-83FC-98CA5F77E511}.Debug|Any CPU.Build.0 = Debug|Any CPU
		{B5F66665-EE0D-49BE-83FC-98CA5F77E511}.Debug|x64.ActiveCfg = Debug|Any CPU
		{B5F66665-EE0D-49BE-83FC-98CA5F77E511}.Debug|x64.Build.0 = Debug|Any CPU
		{B5F66665-EE0D-49BE-83FC-98CA5F77E511}.Debug|x86.ActiveCfg = Debug|Any CPU
		{B5F66665-EE0D-49BE-83FC-98CA5F77E511}.Debug|x86.Build.0 = Debug|Any CPU
		{B5F66665-EE0D-49BE-83FC-98CA5F77E511}.Release|Any CPU.ActiveCfg = Release|Any CPU
		{B5F66665-EE0D-49BE-83FC-98CA5F77E511}.Release|Any CPU.Build.0 = Release|Any CPU
		{B5F66665-EE0D-49BE-83FC-98CA5F77E511}.Release|x64.ActiveCfg = Release|Any CPU
		{B5F66665-EE0D-49BE-83FC-98CA5F77E511}.Release|x64.Build.0 = Release|Any CPU
		{B5F66665-EE0D-49BE-83FC-98CA5F77E511}.Release|x86.ActiveCfg = Release|Any CPU
		{B5F66665-EE0D-49BE-83FC-98CA5F77E511}.Release|x86.Build.0 = Release|Any CPU
		{6368BABC-E004-426E-AE51-62F4737FF54E}.Debug|Any CPU.ActiveCfg = Debug|Any CPU
		{6368BABC-E004-426E-AE51-62F4737FF54E}.Debug|Any CPU.Build.0 = Debug|Any CPU
		{6368BABC-E004-426E-AE51-62F4737FF54E}.Debug|x64.ActiveCfg = Debug|Any CPU
		{6368BABC-E004-426E-AE51-62F4737FF54E}.Debug|x64.Build.0 = Debug|Any CPU
		{6368BABC-E004-426E-AE51-62F4737FF54E}.Debug|x86.ActiveCfg = Debug|Any CPU
		{6368BABC-E004-426E-AE51-62F4737FF54E}.Debug|x86.Build.0 = Debug|Any CPU
		{6368BABC-E004-426E-AE51-62F4737FF54E}.Release|Any CPU.ActiveCfg = Release|Any CPU
		{6368BABC-E004-426E-AE51-62F4737FF54E}.Release|Any CPU.Build.0 = Release|Any CPU
		{6368BABC-E004-426E-AE51-62F4737FF54E}.Release|x64.ActiveCfg = Release|Any CPU
		{6368BABC-E004-426E-AE51-62F4737FF54E}.Release|x64.Build.0 = Release|Any CPU
		{6368BABC-E004-426E-AE51-62F4737FF54E}.Release|x86.ActiveCfg = Release|Any CPU
		{6368BABC-E004-426E-AE51-62F4737FF54E}.Release|x86.Build.0 = Release|Any CPU
		{94630C79-20A9-48A8-83A2-0AE28ED92CED}.Debug|Any CPU.ActiveCfg = Debug|Any CPU
		{94630C79-20A9-48A8-83A2-0AE28ED92CED}.Debug|Any CPU.Build.0 = Debug|Any CPU
		{94630C79-20A9-48A8-83A2-0AE28ED92CED}.Debug|x64.ActiveCfg = Debug|Any CPU
		{94630C79-20A9-48A8-83A2-0AE28ED92CED}.Debug|x64.Build.0 = Debug|Any CPU
		{94630C79-20A9-48A8-83A2-0AE28ED92CED}.Debug|x86.ActiveCfg = Debug|Any CPU
		{94630C79-20A9-48A8-83A2-0AE28ED92CED}.Debug|x86.Build.0 = Debug|Any CPU
		{94630C79-20A9-48A8-83A2-0AE28ED92CED}.Release|Any CPU.ActiveCfg = Release|Any CPU
		{94630C79-20A9-48A8-83A2-0AE28ED92CED}.Release|Any CPU.Build.0 = Release|Any CPU
		{94630C79-20A9-48A8-83A2-0AE28ED92CED}.Release|x64.ActiveCfg = Release|Any CPU
		{94630C79-20A9-48A8-83A2-0AE28ED92CED}.Release|x64.Build.0 = Release|Any CPU
		{94630C79-20A9-48A8-83A2-0AE28ED92CED}.Release|x86.ActiveCfg = Release|Any CPU
		{94630C79-20A9-48A8-83A2-0AE28ED92CED}.Release|x86.Build.0 = Release|Any CPU
		{84F953B5-D542-4A00-A40B-1D90B49E9C5C}.Debug|Any CPU.ActiveCfg = Debug|Any CPU
		{84F953B5-D542-4A00-A40B-1D90B49E9C5C}.Debug|Any CPU.Build.0 = Debug|Any CPU
		{84F953B5-D542-4A00-A40B-1D90B49E9C5C}.Debug|x64.ActiveCfg = Debug|Any CPU
		{84F953B5-D542-4A00-A40B-1D90B49E9C5C}.Debug|x64.Build.0 = Debug|Any CPU
		{84F953B5-D542-4A00-A40B-1D90B49E9C5C}.Debug|x86.ActiveCfg = Debug|Any CPU
		{84F953B5-D542-4A00-A40B-1D90B49E9C5C}.Debug|x86.Build.0 = Debug|Any CPU
		{84F953B5-D542-4A00-A40B-1D90B49E9C5C}.Release|Any CPU.ActiveCfg = Release|Any CPU
		{84F953B5-D542-4A00-A40B-1D90B49E9C5C}.Release|Any CPU.Build.0 = Release|Any CPU
		{84F953B5-D542-4A00-A40B-1D90B49E9C5C}.Release|x64.ActiveCfg = Release|Any CPU
		{84F953B5-D542-4A00-A40B-1D90B49E9C5C}.Release|x64.Build.0 = Release|Any CPU
		{84F953B5-D542-4A00-A40B-1D90B49E9C5C}.Release|x86.ActiveCfg = Release|Any CPU
		{84F953B5-D542-4A00-A40B-1D90B49E9C5C}.Release|x86.Build.0 = Release|Any CPU
		{223D53AB-79C1-4D41-B842-FA19B48200F1}.Debug|Any CPU.ActiveCfg = Debug|Any CPU
		{223D53AB-79C1-4D41-B842-FA19B48200F1}.Debug|Any CPU.Build.0 = Debug|Any CPU
		{223D53AB-79C1-4D41-B842-FA19B48200F1}.Debug|x64.ActiveCfg = Debug|Any CPU
		{223D53AB-79C1-4D41-B842-FA19B48200F1}.Debug|x64.Build.0 = Debug|Any CPU
		{223D53AB-79C1-4D41-B842-FA19B48200F1}.Debug|x86.ActiveCfg = Debug|Any CPU
		{223D53AB-79C1-4D41-B842-FA19B48200F1}.Debug|x86.Build.0 = Debug|Any CPU
		{223D53AB-79C1-4D41-B842-FA19B48200F1}.Release|Any CPU.ActiveCfg = Release|Any CPU
		{223D53AB-79C1-4D41-B842-FA19B48200F1}.Release|Any CPU.Build.0 = Release|Any CPU
		{223D53AB-79C1-4D41-B842-FA19B48200F1}.Release|x64.ActiveCfg = Release|Any CPU
		{223D53AB-79C1-4D41-B842-FA19B48200F1}.Release|x64.Build.0 = Release|Any CPU
		{223D53AB-79C1-4D41-B842-FA19B48200F1}.Release|x86.ActiveCfg = Release|Any CPU
		{223D53AB-79C1-4D41-B842-FA19B48200F1}.Release|x86.Build.0 = Release|Any CPU
		{7255F33F-89E8-44E4-9C03-EC7D15D90A2D}.Debug|Any CPU.ActiveCfg = Debug|Any CPU
		{7255F33F-89E8-44E4-9C03-EC7D15D90A2D}.Debug|Any CPU.Build.0 = Debug|Any CPU
		{7255F33F-89E8-44E4-9C03-EC7D15D90A2D}.Debug|x64.ActiveCfg = Debug|Any CPU
		{7255F33F-89E8-44E4-9C03-EC7D15D90A2D}.Debug|x64.Build.0 = Debug|Any CPU
		{7255F33F-89E8-44E4-9C03-EC7D15D90A2D}.Debug|x86.ActiveCfg = Debug|Any CPU
		{7255F33F-89E8-44E4-9C03-EC7D15D90A2D}.Debug|x86.Build.0 = Debug|Any CPU
		{7255F33F-89E8-44E4-9C03-EC7D15D90A2D}.Release|Any CPU.ActiveCfg = Release|Any CPU
		{7255F33F-89E8-44E4-9C03-EC7D15D90A2D}.Release|Any CPU.Build.0 = Release|Any CPU
		{7255F33F-89E8-44E4-9C03-EC7D15D90A2D}.Release|x64.ActiveCfg = Release|Any CPU
		{7255F33F-89E8-44E4-9C03-EC7D15D90A2D}.Release|x64.Build.0 = Release|Any CPU
		{7255F33F-89E8-44E4-9C03-EC7D15D90A2D}.Release|x86.ActiveCfg = Release|Any CPU
		{7255F33F-89E8-44E4-9C03-EC7D15D90A2D}.Release|x86.Build.0 = Release|Any CPU
		{1B228123-5D89-4EF3-A2E3-C30D927A7D40}.Debug|Any CPU.ActiveCfg = Debug|Any CPU
		{1B228123-5D89-4EF3-A2E3-C30D927A7D40}.Debug|Any CPU.Build.0 = Debug|Any CPU
		{1B228123-5D89-4EF3-A2E3-C30D927A7D40}.Debug|x64.ActiveCfg = Debug|Any CPU
		{1B228123-5D89-4EF3-A2E3-C30D927A7D40}.Debug|x64.Build.0 = Debug|Any CPU
		{1B228123-5D89-4EF3-A2E3-C30D927A7D40}.Debug|x86.ActiveCfg = Debug|Any CPU
		{1B228123-5D89-4EF3-A2E3-C30D927A7D40}.Debug|x86.Build.0 = Debug|Any CPU
		{1B228123-5D89-4EF3-A2E3-C30D927A7D40}.Release|Any CPU.ActiveCfg = Release|Any CPU
		{1B228123-5D89-4EF3-A2E3-C30D927A7D40}.Release|Any CPU.Build.0 = Release|Any CPU
		{1B228123-5D89-4EF3-A2E3-C30D927A7D40}.Release|x64.ActiveCfg = Release|Any CPU
		{1B228123-5D89-4EF3-A2E3-C30D927A7D40}.Release|x64.Build.0 = Release|Any CPU
		{1B228123-5D89-4EF3-A2E3-C30D927A7D40}.Release|x86.ActiveCfg = Release|Any CPU
		{1B228123-5D89-4EF3-A2E3-C30D927A7D40}.Release|x86.Build.0 = Release|Any CPU
	EndGlobalSection
	GlobalSection(NestedProjects) = preSolution
		{465D5919-BE4B-4D76-ADD5-9CDCF5B63C7D} = {362259E4-0996-47FC-953B-91A6509533FA}
		{A1E53C29-9E93-48D4-ADEB-7CF68354D583} = {362259E4-0996-47FC-953B-91A6509533FA}
		{B0534902-DC84-4E79-8025-FD30DA848EC1} = {341EA576-D3F2-4332-9FBA-34AE40890FF7}
		{AAE2B7FF-645E-4F7D-9275-8045BB2974B0} = {341EA576-D3F2-4332-9FBA-34AE40890FF7}
		{B5F66665-EE0D-49BE-83FC-98CA5F77E511} = {3FF025F0-927C-4E77-983E-13C86B1C1962}
		{6368BABC-E004-426E-AE51-62F4737FF54E} = {3FF025F0-927C-4E77-983E-13C86B1C1962}
		{94630C79-20A9-48A8-83A2-0AE28ED92CED} = {0F23FFED-F2C5-4433-9798-AAF77F76DF4C}
		{84F953B5-D542-4A00-A40B-1D90B49E9C5C} = {0F23FFED-F2C5-4433-9798-AAF77F76DF4C}
		{223D53AB-79C1-4D41-B842-FA19B48200F1} = {72603C47-2B2E-4E21-ACC4-9D6A58C78791}
		{7255F33F-89E8-44E4-9C03-EC7D15D90A2D} = {72603C47-2B2E-4E21-ACC4-9D6A58C78791}
	EndGlobalSection
EndGlobal
