
Microsoft Visual Studio Solution File, Format Version 12.00
# Visual Studio 15
VisualStudioVersion = 15.0.26124.0
MinimumVisualStudioVersion = 15.0.26124.0
Project("{2150E333-8FDC-42A3-9474-1A3956D46DE8}") = "Atma.Common", "Atma.Common", "{362259E4-0996-47FC-953B-91A6509533FA}"
EndProject
Project("{FAE04EC0-301F-11D3-BF4B-00C04F79EFBC}") = "Atma.Common", "Atma.Common\source\Atma.Common.csproj", "{465D5919-BE4B-4D76-ADD5-9CDCF5B63C7D}"
EndProject
Project("{FAE04EC0-301F-11D3-BF4B-00C04F79EFBC}") = "Atma.Common.Tests", "Atma.Common\tests\Atma.Common.Tests.csproj", "{A1E53C29-9E93-48D4-ADEB-7CF68354D583}"
EndProject
Project("{2150E333-8FDC-42A3-9474-1A3956D46DE8}") = "Atma.Memory", "Atma.Memory", "{341EA576-D3F2-4332-9FBA-34AE40890FF7}"
EndProject
Project("{FAE04EC0-301F-11D3-BF4B-00C04F79EFBC}") = "Atma.Memory", "Atma.Memory\source\Atma.Memory.csproj", "{B0534902-DC84-4E79-8025-FD30DA848EC1}"
EndProject
Project("{FAE04EC0-301F-11D3-BF4B-00C04F79EFBC}") = "Atma.Memory.Tests", "Atma.Memory\tests\Atma.Memory.Tests.csproj", "{AAE2B7FF-645E-4F7D-9275-8045BB2974B0}"
EndProject
Project("{2150E333-8FDC-42A3-9474-1A3956D46DE8}") = "Atma.DI", "Atma.DI", "{49C13D6A-0EAA-42F9-9419-A45CF25AB47F}"
EndProject
Project("{FAE04EC0-301F-11D3-BF4B-00C04F79EFBC}") = "Atma.DI", "Atma.DI\source\Atma.DI.csproj", "{DC1F9467-0DA2-4864-B6F7-DCE2034779EE}"
EndProject
Project("{FAE04EC0-301F-11D3-BF4B-00C04F79EFBC}") = "Atma.DI.Tests", "Atma.DI\tests\Atma.DI.Tests.csproj", "{60A4713C-6317-4D7A-BDF3-91058E8C7EAC}"
EndProject
Project("{2150E333-8FDC-42A3-9474-1A3956D46DE8}") = "Atma.Jobs", "Atma.Jobs", "{AEC08A3A-C3C5-45F1-BDC0-6A288171ED34}"
EndProject
Project("{FAE04EC0-301F-11D3-BF4B-00C04F79EFBC}") = "Atma.Jobs", "Atma.Jobs\source\Atma.Jobs.csproj", "{8E1020C8-8B82-4297-9634-E5D39132F3F5}"
EndProject
Project("{FAE04EC0-301F-11D3-BF4B-00C04F79EFBC}") = "Atma.Jobs.Tests", "Atma.Jobs\tests\Atma.Jobs.Tests.csproj", "{1D422937-E0BA-4046-91F4-592D65D6F05D}"
EndProject
Project("{2150E333-8FDC-42A3-9474-1A3956D46DE8}") = "Atma.Entities", "Atma.Entities", "{3E2667EA-7787-47A4-A990-1C2E8AA6E132}"
EndProject
Project("{FAE04EC0-301F-11D3-BF4B-00C04F79EFBC}") = "Atma.Entities", "Atma.Entities\source\Atma.Entities.csproj", "{FBB0A42D-6966-417D-A127-A65CFF662166}"
EndProject
Project("{FAE04EC0-301F-11D3-BF4B-00C04F79EFBC}") = "Atma.Entities.Tests", "Atma.Entities\tests\Atma.Entities.Tests.csproj", "{088BCAD6-6CA4-454A-BA37-1621401ACFA3}"
EndProject
Global
	GlobalSection(SolutionConfigurationPlatforms) = preSolution
		Debug|Any CPU = Debug|Any CPU
		Debug|x64 = Debug|x64
		Debug|x86 = Debug|x86
		Release|Any CPU = Release|Any CPU
		Release|x64 = Release|x64
		Release|x86 = Release|x86
	EndGlobalSection
	GlobalSection(SolutionProperties) = preSolution
		HideSolutionNode = FALSE
	EndGlobalSection
	GlobalSection(ProjectConfigurationPlatforms) = postSolution
		{465D5919-BE4B-4D76-ADD5-9CDCF5B63C7D}.Debug|Any CPU.ActiveCfg = Debug|Any CPU
		{465D5919-BE4B-4D76-ADD5-9CDCF5B63C7D}.Debug|Any CPU.Build.0 = Debug|Any CPU
		{465D5919-BE4B-4D76-ADD5-9CDCF5B63C7D}.Debug|x64.ActiveCfg = Debug|Any CPU
		{465D5919-BE4B-4D76-ADD5-9CDCF5B63C7D}.Debug|x64.Build.0 = Debug|Any CPU
		{465D5919-BE4B-4D76-ADD5-9CDCF5B63C7D}.Debug|x86.ActiveCfg = Debug|Any CPU
		{465D5919-BE4B-4D76-ADD5-9CDCF5B63C7D}.Debug|x86.Build.0 = Debug|Any CPU
		{465D5919-BE4B-4D76-ADD5-9CDCF5B63C7D}.Release|Any CPU.ActiveCfg = Release|Any CPU
		{465D5919-BE4B-4D76-ADD5-9CDCF5B63C7D}.Release|Any CPU.Build.0 = Release|Any CPU
		{465D5919-BE4B-4D76-ADD5-9CDCF5B63C7D}.Release|x64.ActiveCfg = Release|Any CPU
		{465D5919-BE4B-4D76-ADD5-9CDCF5B63C7D}.Release|x64.Build.0 = Release|Any CPU
		{465D5919-BE4B-4D76-ADD5-9CDCF5B63C7D}.Release|x86.ActiveCfg = Release|Any CPU
		{465D5919-BE4B-4D76-ADD5-9CDCF5B63C7D}.Release|x86.Build.0 = Release|Any CPU
		{A1E53C29-9E93-48D4-ADEB-7CF68354D583}.Debug|Any CPU.ActiveCfg = Debug|Any CPU
		{A1E53C29-9E93-48D4-ADEB-7CF68354D583}.Debug|Any CPU.Build.0 = Debug|Any CPU
		{A1E53C29-9E93-48D4-ADEB-7CF68354D583}.Debug|x64.ActiveCfg = Debug|Any CPU
		{A1E53C29-9E93-48D4-ADEB-7CF68354D583}.Debug|x64.Build.0 = Debug|Any CPU
		{A1E53C29-9E93-48D4-ADEB-7CF68354D583}.Debug|x86.ActiveCfg = Debug|Any CPU
		{A1E53C29-9E93-48D4-ADEB-7CF68354D583}.Debug|x86.Build.0 = Debug|Any CPU
		{A1E53C29-9E93-48D4-ADEB-7CF68354D583}.Release|Any CPU.ActiveCfg = Release|Any CPU
		{A1E53C29-9E93-48D4-ADEB-7CF68354D583}.Release|Any CPU.Build.0 = Release|Any CPU
		{A1E53C29-9E93-48D4-ADEB-7CF68354D583}.Release|x64.ActiveCfg = Release|Any CPU
		{A1E53C29-9E93-48D4-ADEB-7CF68354D583}.Release|x64.Build.0 = Release|Any CPU
		{A1E53C29-9E93-48D4-ADEB-7CF68354D583}.Release|x86.ActiveCfg = Release|Any CPU
		{A1E53C29-9E93-48D4-ADEB-7CF68354D583}.Release|x86.Build.0 = Release|Any CPU
		{B0534902-DC84-4E79-8025-FD30DA848EC1}.Debug|Any CPU.ActiveCfg = Debug|Any CPU
		{B0534902-DC84-4E79-8025-FD30DA848EC1}.Debug|Any CPU.Build.0 = Debug|Any CPU
		{B0534902-DC84-4E79-8025-FD30DA848EC1}.Debug|x64.ActiveCfg = Debug|Any CPU
		{B0534902-DC84-4E79-8025-FD30DA848EC1}.Debug|x64.Build.0 = Debug|Any CPU
		{B0534902-DC84-4E79-8025-FD30DA848EC1}.Debug|x86.ActiveCfg = Debug|Any CPU
		{B0534902-DC84-4E79-8025-FD30DA848EC1}.Debug|x86.Build.0 = Debug|Any CPU
		{B0534902-DC84-4E79-8025-FD30DA848EC1}.Release|Any CPU.ActiveCfg = Release|Any CPU
		{B0534902-DC84-4E79-8025-FD30DA848EC1}.Release|Any CPU.Build.0 = Release|Any CPU
		{B0534902-DC84-4E79-8025-FD30DA848EC1}.Release|x64.ActiveCfg = Release|Any CPU
		{B0534902-DC84-4E79-8025-FD30DA848EC1}.Release|x64.Build.0 = Release|Any CPU
		{B0534902-DC84-4E79-8025-FD30DA848EC1}.Release|x86.ActiveCfg = Release|Any CPU
		{B0534902-DC84-4E79-8025-FD30DA848EC1}.Release|x86.Build.0 = Release|Any CPU
		{AAE2B7FF-645E-4F7D-9275-8045BB2974B0}.Debug|Any CPU.ActiveCfg = Debug|Any CPU
		{AAE2B7FF-645E-4F7D-9275-8045BB2974B0}.Debug|Any CPU.Build.0 = Debug|Any CPU
		{AAE2B7FF-645E-4F7D-9275-8045BB2974B0}.Debug|x64.ActiveCfg = Debug|Any CPU
		{AAE2B7FF-645E-4F7D-9275-8045BB2974B0}.Debug|x64.Build.0 = Debug|Any CPU
		{AAE2B7FF-645E-4F7D-9275-8045BB2974B0}.Debug|x86.ActiveCfg = Debug|Any CPU
		{AAE2B7FF-645E-4F7D-9275-8045BB2974B0}.Debug|x86.Build.0 = Debug|Any CPU
		{AAE2B7FF-645E-4F7D-9275-8045BB2974B0}.Release|Any CPU.ActiveCfg = Release|Any CPU
		{AAE2B7FF-645E-4F7D-9275-8045BB2974B0}.Release|Any CPU.Build.0 = Release|Any CPU
		{AAE2B7FF-645E-4F7D-9275-8045BB2974B0}.Release|x64.ActiveCfg = Release|Any CPU
		{AAE2B7FF-645E-4F7D-9275-8045BB2974B0}.Release|x64.Build.0 = Release|Any CPU
		{AAE2B7FF-645E-4F7D-9275-8045BB2974B0}.Release|x86.ActiveCfg = Release|Any CPU
		{AAE2B7FF-645E-4F7D-9275-8045BB2974B0}.Release|x86.Build.0 = Release|Any CPU
		{DC1F9467-0DA2-4864-B6F7-DCE2034779EE}.Debug|Any CPU.ActiveCfg = Debug|Any CPU
		{DC1F9467-0DA2-4864-B6F7-DCE2034779EE}.Debug|Any CPU.Build.0 = Debug|Any CPU
		{DC1F9467-0DA2-4864-B6F7-DCE2034779EE}.Debug|x64.ActiveCfg = Debug|Any CPU
		{DC1F9467-0DA2-4864-B6F7-DCE2034779EE}.Debug|x64.Build.0 = Debug|Any CPU
		{DC1F9467-0DA2-4864-B6F7-DCE2034779EE}.Debug|x86.ActiveCfg = Debug|Any CPU
		{DC1F9467-0DA2-4864-B6F7-DCE2034779EE}.Debug|x86.Build.0 = Debug|Any CPU
		{DC1F9467-0DA2-4864-B6F7-DCE2034779EE}.Release|Any CPU.ActiveCfg = Release|Any CPU
		{DC1F9467-0DA2-4864-B6F7-DCE2034779EE}.Release|Any CPU.Build.0 = Release|Any CPU
		{DC1F9467-0DA2-4864-B6F7-DCE2034779EE}.Release|x64.ActiveCfg = Release|Any CPU
		{DC1F9467-0DA2-4864-B6F7-DCE2034779EE}.Release|x64.Build.0 = Release|Any CPU
		{DC1F9467-0DA2-4864-B6F7-DCE2034779EE}.Release|x86.ActiveCfg = Release|Any CPU
		{DC1F9467-0DA2-4864-B6F7-DCE2034779EE}.Release|x86.Build.0 = Release|Any CPU
		{60A4713C-6317-4D7A-BDF3-91058E8C7EAC}.Debug|Any CPU.ActiveCfg = Debug|Any CPU
		{60A4713C-6317-4D7A-BDF3-91058E8C7EAC}.Debug|Any CPU.Build.0 = Debug|Any CPU
		{60A4713C-6317-4D7A-BDF3-91058E8C7EAC}.Debug|x64.ActiveCfg = Debug|Any CPU
		{60A4713C-6317-4D7A-BDF3-91058E8C7EAC}.Debug|x64.Build.0 = Debug|Any CPU
		{60A4713C-6317-4D7A-BDF3-91058E8C7EAC}.Debug|x86.ActiveCfg = Debug|Any CPU
		{60A4713C-6317-4D7A-BDF3-91058E8C7EAC}.Debug|x86.Build.0 = Debug|Any CPU
		{60A4713C-6317-4D7A-BDF3-91058E8C7EAC}.Release|Any CPU.ActiveCfg = Release|Any CPU
		{60A4713C-6317-4D7A-BDF3-91058E8C7EAC}.Release|Any CPU.Build.0 = Release|Any CPU
		{60A4713C-6317-4D7A-BDF3-91058E8C7EAC}.Release|x64.ActiveCfg = Release|Any CPU
		{60A4713C-6317-4D7A-BDF3-91058E8C7EAC}.Release|x64.Build.0 = Release|Any CPU
		{60A4713C-6317-4D7A-BDF3-91058E8C7EAC}.Release|x86.ActiveCfg = Release|Any CPU
		{60A4713C-6317-4D7A-BDF3-91058E8C7EAC}.Release|x86.Build.0 = Release|Any CPU
		{8E1020C8-8B82-4297-9634-E5D39132F3F5}.Debug|Any CPU.ActiveCfg = Debug|Any CPU
		{8E1020C8-8B82-4297-9634-E5D39132F3F5}.Debug|Any CPU.Build.0 = Debug|Any CPU
		{8E1020C8-8B82-4297-9634-E5D39132F3F5}.Debug|x64.ActiveCfg = Debug|Any CPU
		{8E1020C8-8B82-4297-9634-E5D39132F3F5}.Debug|x64.Build.0 = Debug|Any CPU
		{8E1020C8-8B82-4297-9634-E5D39132F3F5}.Debug|x86.ActiveCfg = Debug|Any CPU
		{8E1020C8-8B82-4297-9634-E5D39132F3F5}.Debug|x86.Build.0 = Debug|Any CPU
		{8E1020C8-8B82-4297-9634-E5D39132F3F5}.Release|Any CPU.ActiveCfg = Release|Any CPU
		{8E1020C8-8B82-4297-9634-E5D39132F3F5}.Release|Any CPU.Build.0 = Release|Any CPU
		{8E1020C8-8B82-4297-9634-E5D39132F3F5}.Release|x64.ActiveCfg = Release|Any CPU
		{8E1020C8-8B82-4297-9634-E5D39132F3F5}.Release|x64.Build.0 = Release|Any CPU
		{8E1020C8-8B82-4297-9634-E5D39132F3F5}.Release|x86.ActiveCfg = Release|Any CPU
		{8E1020C8-8B82-4297-9634-E5D39132F3F5}.Release|x86.Build.0 = Release|Any CPU
		{1D422937-E0BA-4046-91F4-592D65D6F05D}.Debug|Any CPU.ActiveCfg = Debug|Any CPU
		{1D422937-E0BA-4046-91F4-592D65D6F05D}.Debug|Any CPU.Build.0 = Debug|Any CPU
		{1D422937-E0BA-4046-91F4-592D65D6F05D}.Debug|x64.ActiveCfg = Debug|Any CPU
		{1D422937-E0BA-4046-91F4-592D65D6F05D}.Debug|x64.Build.0 = Debug|Any CPU
		{1D422937-E0BA-4046-91F4-592D65D6F05D}.Debug|x86.ActiveCfg = Debug|Any CPU
		{1D422937-E0BA-4046-91F4-592D65D6F05D}.Debug|x86.Build.0 = Debug|Any CPU
		{1D422937-E0BA-4046-91F4-592D65D6F05D}.Release|Any CPU.ActiveCfg = Release|Any CPU
		{1D422937-E0BA-4046-91F4-592D65D6F05D}.Release|Any CPU.Build.0 = Release|Any CPU
		{1D422937-E0BA-4046-91F4-592D65D6F05D}.Release|x64.ActiveCfg = Release|Any CPU
		{1D422937-E0BA-4046-91F4-592D65D6F05D}.Release|x64.Build.0 = Release|Any CPU
		{1D422937-E0BA-4046-91F4-592D65D6F05D}.Release|x86.ActiveCfg = Release|Any CPU
		{1D422937-E0BA-4046-91F4-592D65D6F05D}.Release|x86.Build.0 = Release|Any CPU
		{FBB0A42D-6966-417D-A127-A65CFF662166}.Debug|Any CPU.ActiveCfg = Debug|Any CPU
		{FBB0A42D-6966-417D-A127-A65CFF662166}.Debug|Any CPU.Build.0 = Debug|Any CPU
		{FBB0A42D-6966-417D-A127-A65CFF662166}.Debug|x64.ActiveCfg = Debug|Any CPU
		{FBB0A42D-6966-417D-A127-A65CFF662166}.Debug|x64.Build.0 = Debug|Any CPU
		{FBB0A42D-6966-417D-A127-A65CFF662166}.Debug|x86.ActiveCfg = Debug|Any CPU
		{FBB0A42D-6966-417D-A127-A65CFF662166}.Debug|x86.Build.0 = Debug|Any CPU
		{FBB0A42D-6966-417D-A127-A65CFF662166}.Release|Any CPU.ActiveCfg = Release|Any CPU
		{FBB0A42D-6966-417D-A127-A65CFF662166}.Release|Any CPU.Build.0 = Release|Any CPU
		{FBB0A42D-6966-417D-A127-A65CFF662166}.Release|x64.ActiveCfg = Release|Any CPU
		{FBB0A42D-6966-417D-A127-A65CFF662166}.Release|x64.Build.0 = Release|Any CPU
		{FBB0A42D-6966-417D-A127-A65CFF662166}.Release|x86.ActiveCfg = Release|Any CPU
		{FBB0A42D-6966-417D-A127-A65CFF662166}.Release|x86.Build.0 = Release|Any CPU
		{088BCAD6-6CA4-454A-BA37-1621401ACFA3}.Debug|Any CPU.ActiveCfg = Debug|Any CPU
		{088BCAD6-6CA4-454A-BA37-1621401ACFA3}.Debug|Any CPU.Build.0 = Debug|Any CPU
		{088BCAD6-6CA4-454A-BA37-1621401ACFA3}.Debug|x64.ActiveCfg = Debug|Any CPU
		{088BCAD6-6CA4-454A-BA37-1621401ACFA3}.Debug|x64.Build.0 = Debug|Any CPU
		{088BCAD6-6CA4-454A-BA37-1621401ACFA3}.Debug|x86.ActiveCfg = Debug|Any CPU
		{088BCAD6-6CA4-454A-BA37-1621401ACFA3}.Debug|x86.Build.0 = Debug|Any CPU
		{088BCAD6-6CA4-454A-BA37-1621401ACFA3}.Release|Any CPU.ActiveCfg = Release|Any CPU
		{088BCAD6-6CA4-454A-BA37-1621401ACFA3}.Release|Any CPU.Build.0 = Release|Any CPU
		{088BCAD6-6CA4-454A-BA37-1621401ACFA3}.Release|x64.ActiveCfg = Release|Any CPU
		{088BCAD6-6CA4-454A-BA37-1621401ACFA3}.Release|x64.Build.0 = Release|Any CPU
		{088BCAD6-6CA4-454A-BA37-1621401ACFA3}.Release|x86.ActiveCfg = Release|Any CPU
		{088BCAD6-6CA4-454A-BA37-1621401ACFA3}.Release|x86.Build.0 = Release|Any CPU
	EndGlobalSection
	GlobalSection(NestedProjects) = preSolution
		{465D5919-BE4B-4D76-ADD5-9CDCF5B63C7D} = {362259E4-0996-47FC-953B-91A6509533FA}
		{A1E53C29-9E93-48D4-ADEB-7CF68354D583} = {362259E4-0996-47FC-953B-91A6509533FA}
		{B0534902-DC84-4E79-8025-FD30DA848EC1} = {341EA576-D3F2-4332-9FBA-34AE40890FF7}
		{AAE2B7FF-645E-4F7D-9275-8045BB2974B0} = {341EA576-D3F2-4332-9FBA-34AE40890FF7}
		{DC1F9467-0DA2-4864-B6F7-DCE2034779EE} = {49C13D6A-0EAA-42F9-9419-A45CF25AB47F}
		{60A4713C-6317-4D7A-BDF3-91058E8C7EAC} = {49C13D6A-0EAA-42F9-9419-A45CF25AB47F}
		{8E1020C8-8B82-4297-9634-E5D39132F3F5} = {AEC08A3A-C3C5-45F1-BDC0-6A288171ED34}
		{1D422937-E0BA-4046-91F4-592D65D6F05D} = {AEC08A3A-C3C5-45F1-BDC0-6A288171ED34}
		{FBB0A42D-6966-417D-A127-A65CFF662166} = {3E2667EA-7787-47A4-A990-1C2E8AA6E132}
		{088BCAD6-6CA4-454A-BA37-1621401ACFA3} = {3E2667EA-7787-47A4-A990-1C2E8AA6E132}
	EndGlobalSection
EndGlobal
